
Microsoft Visual Studio Solution File, Format Version 12.00
# Visual Studio Version 17
VisualStudioVersion = 17.5.002.0
MinimumVisualStudioVersion = 10.0.40219.1
Project("{9A19103F-16F7-4668-BE54-9A1E7A4F7556}") = "Backend", "Backend.csproj", "{92366D1C-8AA8-4AE8-AE66-1060F13E3ACB}"
EndProject
Global
	GlobalSection(SolutionConfigurationPlatforms) = preSolution
		Debug|Any CPU = Debug|Any CPU
		Release|Any CPU = Release|Any CPU
	EndGlobalSection
	GlobalSection(ProjectConfigurationPlatforms) = postSolution
		{92366D1C-8AA8-4AE8-AE66-1060F13E3ACB}.Debug|Any CPU.ActiveCfg = Debug|Any CPU
		{92366D1C-8AA8-4AE8-AE66-1060F13E3ACB}.Debug|Any CPU.Build.0 = Debug|Any CPU
		{92366D1C-8AA8-4AE8-AE66-1060F13E3ACB}.Release|Any CPU.ActiveCfg = Release|Any CPU
		{92366D1C-8AA8-4AE8-AE66-1060F13E3ACB}.Release|Any CPU.Build.0 = Release|Any CPU
	EndGlobalSection
	GlobalSection(SolutionProperties) = preSolution
		HideSolutionNode = FALSE
	EndGlobalSection
	GlobalSection(ExtensibilityGlobals) = postSolution
		SolutionGuid = {FBDC6569-6996-479D-B1AC-47DB7939D38B}
	EndGlobalSection
EndGlobal
